{
    "requires": true,
    "lockfileVersion": 1,
    "dependencies": {
        "@esbuild/linux-loong64": {
            "version": "0.15.4",
            "resolved": "https://registry.npmjs.org/@esbuild/linux-loong64/-/linux-loong64-0.15.4.tgz",
            "integrity": "sha512-6uFuTbBbdBk7lbW8lb5jaEqrCyiJa+wb+Sfcr0FJNGgWHnUY0RvXbkqQj/OaDEyu0vrMvfbD27fbyRySK0muUw==",
            "optional": true
        },
        "ansi-regex": {
            "version": "5.0.1",
            "resolved": "https://registry.npmjs.org/ansi-regex/-/ansi-regex-5.0.1.tgz",
            "integrity": "sha512-quJQXlTSUGL2LH9SUXo8VwsY4soanhgo6LNSm84E1LBcE8s3O0wpdiRzyR9z/ZZJMlMWv37qOOb9pdJlMUEKFQ=="
        },
        "ansi-styles": {
            "version": "4.3.0",
            "resolved": "https://registry.npmjs.org/ansi-styles/-/ansi-styles-4.3.0.tgz",
            "integrity": "sha512-zbB9rCJAT1rbjiVDb2hqKFHNYLxgtk8NURxZ3IZwD3F6NtxbXZQCnnSi1Lkx+IDohdPlFp222wVALIheZJQSEg==",
            "requires": {
                "color-convert": "^2.0.1"
            }
        },
        "balanced-match": {
            "version": "1.0.2",
            "resolved": "https://registry.npmjs.org/balanced-match/-/balanced-match-1.0.2.tgz",
            "integrity": "sha512-3oSeUO0TMV67hN1AmbXsK4yaqU7tjiHlbxRDZOpH0KW9+CeX4bRAaX0Anxt0tx2MrpRpWwQaPwIlISEJhYU5Pw=="
        },
        "brace-expansion": {
            "version": "1.1.11",
            "resolved": "https://registry.npmjs.org/brace-expansion/-/brace-expansion-1.1.11.tgz",
            "integrity": "sha512-iCuPHDFgrHX7H2vEI/5xpz07zSHB00TpugqhmYtVmMO6518mCuRMoOYFldEBl0g187ufozdaHgWKcYFb61qGiA==",
            "requires": {
                "balanced-match": "^1.0.0",
                "concat-map": "0.0.1"
            }
        },
        "cliui": {
            "version": "7.0.4",
            "resolved": "https://registry.npmjs.org/cliui/-/cliui-7.0.4.tgz",
            "integrity": "sha512-OcRE68cOsVMXp1Yvonl/fzkQOyjLSu/8bhPDfQt0e0/Eb283TKP20Fs2MqoPsr9SwA595rRCA+QMzYc9nBP+JQ==",
            "requires": {
                "string-width": "^4.2.0",
                "strip-ansi": "^6.0.0",
                "wrap-ansi": "^7.0.0"
            }
        },
        "color-convert": {
            "version": "2.0.1",
            "resolved": "https://registry.npmjs.org/color-convert/-/color-convert-2.0.1.tgz",
            "integrity": "sha512-RRECPsj7iu/xb5oKYcsFHSppFNnsj/52OVTRKb4zP5onXwVF3zVmmToNcOfGC+CRDpfK/U584fMg38ZHCaElKQ==",
            "requires": {
                "color-name": "~1.1.4"
            }
        },
        "color-name": {
            "version": "1.1.4",
            "resolved": "https://registry.npmjs.org/color-name/-/color-name-1.1.4.tgz",
            "integrity": "sha512-dOy+3AuW3a2wNbZHIuMZpTcgjGuLU/uBL/ubcZF9OXbDo8ff4O8yVp5Bf0efS8uEoYo5q4Fx7dY9OgQGXgAsQA=="
        },
        "concat-map": {
            "version": "0.0.1",
            "resolved": "https://registry.npmjs.org/concat-map/-/concat-map-0.0.1.tgz",
            "integrity": "sha512-/Srv4dswyQNBfohGpz9o6Yb3Gz3SrUDqBH5rTuhGR7ahtlbYKnVxw2bCFMRljaA7EXHaXZ8wsHdodFvbkhKmqg=="
        },
        "copyfiles": {
            "version": "2.4.1",
            "resolved": "https://registry.npmjs.org/copyfiles/-/copyfiles-2.4.1.tgz",
            "integrity": "sha512-fereAvAvxDrQDOXybk3Qu3dPbOoKoysFMWtkY3mv5BsL8//OSZVL5DCLYqgRfY5cWirgRzlC+WSrxp6Bo3eNZg==",
            "requires": {
                "glob": "^7.0.5",
                "minimatch": "^3.0.3",
                "mkdirp": "^1.0.4",
                "noms": "0.0.0",
                "through2": "^2.0.1",
                "untildify": "^4.0.0",
                "yargs": "^16.1.0"
            }
        },
        "core-util-is": {
            "version": "1.0.3",
            "resolved": "https://registry.npmjs.org/core-util-is/-/core-util-is-1.0.3.tgz",
            "integrity": "sha512-ZQBvi1DcpJ4GDqanjucZ2Hj3wEO5pZDS89BWbkcrvdxksJorwUDDZamX9ldFkp9aw2lmBDLgkObEA4DWNJ9FYQ=="
        },
        "emoji-regex": {
            "version": "8.0.0",
            "resolved": "https://registry.npmjs.org/emoji-regex/-/emoji-regex-8.0.0.tgz",
            "integrity": "sha512-MSjYzcWNOA0ewAHpz0MxpYFvwg6yjy1NG3xteoqz644VCo/RPgnr1/GGt+ic3iJTzQ8Eu3TdM14SawnVUmGE6A=="
        },
        "esbuild": {
            "version": "0.15.4",
            "resolved": "https://registry.npmjs.org/esbuild/-/esbuild-0.15.4.tgz",
            "integrity": "sha512-wSQJWQXCuQhRnRQQUNZpj8oyYJTvjFCuYzAOt07SWX9hLaA+idr3BWTTj8S2k7Fldhbkfpb4DYJTO3RWRhxKbA==",
            "requires": {
                "@esbuild/linux-loong64": "0.15.4",
                "esbuild-android-64": "0.15.4",
                "esbuild-android-arm64": "0.15.4",
                "esbuild-darwin-64": "0.15.4",
                "esbuild-darwin-arm64": "0.15.4",
                "esbuild-freebsd-64": "0.15.4",
                "esbuild-freebsd-arm64": "0.15.4",
                "esbuild-linux-32": "0.15.4",
                "esbuild-linux-64": "0.15.4",
                "esbuild-linux-arm": "0.15.4",
                "esbuild-linux-arm64": "0.15.4",
                "esbuild-linux-mips64le": "0.15.4",
                "esbuild-linux-ppc64le": "0.15.4",
                "esbuild-linux-riscv64": "0.15.4",
                "esbuild-linux-s390x": "0.15.4",
                "esbuild-netbsd-64": "0.15.4",
                "esbuild-openbsd-64": "0.15.4",
                "esbuild-sunos-64": "0.15.4",
                "esbuild-windows-32": "0.15.4",
                "esbuild-windows-64": "0.15.4",
                "esbuild-windows-arm64": "0.15.4"
            }
        },
        "esbuild-android-64": {
            "version": "0.15.4",
            "resolved": "https://registry.npmjs.org/esbuild-android-64/-/esbuild-android-64-0.15.4.tgz",
            "integrity": "sha512-Phl8srrfwgWC/aZsR2HK5FVMK9XY9T8Qi2lO76/N7OpxODnlF4PUx43gm+CdseAvY8Y58BEUXYdiajA4oP3WEg==",
            "optional": true
        },
        "esbuild-android-arm64": {
            "version": "0.15.4",
            "resolved": "https://registry.npmjs.org/esbuild-android-arm64/-/esbuild-android-arm64-0.15.4.tgz",
            "integrity": "sha512-2VHCcYm0prP5qFV4fSZwml6/fCk2vqLlJtkt0V9VB2LVSckaa5Fmk4iP4Yo7N+U6GpkG0VBi1D3j+WRbh7NNTA==",
            "optional": true
        },
        "esbuild-darwin-64": {
            "version": "0.15.4",
            "resolved": "https://registry.npmjs.org/esbuild-darwin-64/-/esbuild-darwin-64-0.15.4.tgz",
            "integrity": "sha512-UpGsrCmNFdFRzDdorWoU5Sqi1BiKBQw2pC+3y0Fzue5xffWHuDuXrCK3EfNEVLlipRcopgINtmSop068y5sR8w==",
            "optional": true
        },
        "esbuild-darwin-arm64": {
            "version": "0.15.4",
            "resolved": "https://registry.npmjs.org/esbuild-darwin-arm64/-/esbuild-darwin-arm64-0.15.4.tgz",
            "integrity": "sha512-pTPxb/Hhpj7GYA5eFL1AMw14qtpglR0nioKW6GTkkFuW/RJimk4w10oSIAU/XhiRz4CHtRwBXqkuoBlrwzjlWQ==",
            "optional": true
        },
        "esbuild-freebsd-64": {
            "version": "0.15.4",
            "resolved": "https://registry.npmjs.org/esbuild-freebsd-64/-/esbuild-freebsd-64-0.15.4.tgz",
            "integrity": "sha512-sLdEx/zsdHwmYRwggluSVvJt51yDXRDsCSjDj/nqi9vZXyPn1YPRSz+G+c7eBgVp/bttsi3pCQTpmUN9+iIvGg==",
            "optional": true
        },
        "esbuild-freebsd-arm64": {
            "version": "0.15.4",
            "resolved": "https://registry.npmjs.org/esbuild-freebsd-arm64/-/esbuild-freebsd-arm64-0.15.4.tgz",
            "integrity": "sha512-M0FPT9UUvNsqLbZxmxqhOA0jYzaCUIklXsV6wc+WCKnyZnKf7PisugPp6OwkbRnQs7uHbOopMABgBGq3dio/Yw==",
            "optional": true
        },
        "esbuild-linux-32": {
            "version": "0.15.4",
            "resolved": "https://registry.npmjs.org/esbuild-linux-32/-/esbuild-linux-32-0.15.4.tgz",
            "integrity": "sha512-LbkSPE9I3JqY8/2Nt5Hv8C7f4YgcVLXkWZtg2eL26SP647UfN00AnZIGZTvMnPoAyUuD3XAF870iIugyfeNwtA==",
            "optional": true
        },
        "esbuild-linux-64": {
            "version": "0.15.4",
            "resolved": "https://registry.npmjs.org/esbuild-linux-64/-/esbuild-linux-64-0.15.4.tgz",
            "integrity": "sha512-v1dRx4MKPUgKbA5FNT+rYz/E+t9TSP/qCCC12m2Iv4SWCzCpTw4mBdoRLC6jgjuRWy2OZ+2MTYHLSEODMBFTEg==",
            "optional": true
        },
        "esbuild-linux-arm": {
            "version": "0.15.4",
            "resolved": "https://registry.npmjs.org/esbuild-linux-arm/-/esbuild-linux-arm-0.15.4.tgz",
            "integrity": "sha512-+lF+uk/knaZHRIWS50s/JEutmt7GWNly2IbfyEUEFHV+3fnnOz2UzRDLXFW7y6+3R04zrTncypNeK7w1V+Q/2A==",
            "optional": true
        },
        "esbuild-linux-arm64": {
            "version": "0.15.4",
            "resolved": "https://registry.npmjs.org/esbuild-linux-arm64/-/esbuild-linux-arm64-0.15.4.tgz",
            "integrity": "sha512-rhqtX2q/W4q0OevlQcZ4XAbtFfgbZjSynSKIKgtXAtRVQaG57YFiT5O1UVy2aD32g1gsAIbRBLlAg+jFBEkkbg==",
            "optional": true
        },
        "esbuild-linux-mips64le": {
            "version": "0.15.4",
            "resolved": "https://registry.npmjs.org/esbuild-linux-mips64le/-/esbuild-linux-mips64le-0.15.4.tgz",
            "integrity": "sha512-tygMDy0+Rf3D7mhQGXjyCFDj2+WJREvXASnwwmAiflUYZTTexXybZLqzSArob5p+ulaRKr8ZUE/edBNDStKoqw==",
            "optional": true
        },
        "esbuild-linux-ppc64le": {
            "version": "0.15.4",
            "resolved": "https://registry.npmjs.org/esbuild-linux-ppc64le/-/esbuild-linux-ppc64le-0.15.4.tgz",
            "integrity": "sha512-CcAJjc6gKvML7n76aUQJEvz3hDMm1tnb9ZirInTjETJ0XGrw/JaZzKTnsa3NBlEtO/hZnN+xSHif8IqUCJcY0w==",
            "optional": true
        },
        "esbuild-linux-riscv64": {
            "version": "0.15.4",
            "resolved": "https://registry.npmjs.org/esbuild-linux-riscv64/-/esbuild-linux-riscv64-0.15.4.tgz",
            "integrity": "sha512-GSbnazL7/1ngcoZ7I8jklnO01DXukAM1vQnTZnraqzsP+SwfpkuZBp+qU856wYJZZauNAC0Y0hZrgeiVJt0nRw==",
            "optional": true
        },
        "esbuild-linux-s390x": {
            "version": "0.15.4",
            "resolved": "https://registry.npmjs.org/esbuild-linux-s390x/-/esbuild-linux-s390x-0.15.4.tgz",
            "integrity": "sha512-TRRuxc7qgYcYUae8EH6RgKkrsQ2AITDrt4FOLqvrYm32/63a/9Q17Gfu9hZFI5uEOqgd1l0rlWXJdJYm4S9Yug==",
            "optional": true
        },
        "esbuild-netbsd-64": {
            "version": "0.15.4",
            "resolved": "https://registry.npmjs.org/esbuild-netbsd-64/-/esbuild-netbsd-64-0.15.4.tgz",
            "integrity": "sha512-bOZ4E9nnmCpR8kekPe5fFZ0/vsZWWFUcNOrIu1gw2Yli74ALxkdijFT2m9JnfHQJCreFXUsNlYrzO2vD/ZTfKQ==",
            "optional": true
        },
        "esbuild-openbsd-64": {
            "version": "0.15.4",
            "resolved": "https://registry.npmjs.org/esbuild-openbsd-64/-/esbuild-openbsd-64-0.15.4.tgz",
            "integrity": "sha512-BvhLa8uHcVzdO492LGMfX9DjgZhhdjOSNSr6FizzpAwiQWE50RDoJ3G4VC6uQ1dULx/w+NtqeZP6hXOiahxrMw==",
            "optional": true
        },
        "esbuild-sunos-64": {
            "version": "0.15.4",
            "resolved": "https://registry.npmjs.org/esbuild-sunos-64/-/esbuild-sunos-64-0.15.4.tgz",
            "integrity": "sha512-OnUVLjAmZK66gatr9Ft9zY1Xb+wzrJrhwiuW6VlAOGZg1uFC20JziySGzQ3t5VtmIiMbbV8SUgxsMz2jJ/gI5Q==",
            "optional": true
        },
        "esbuild-windows-32": {
            "version": "0.15.4",
            "resolved": "https://registry.npmjs.org/esbuild-windows-32/-/esbuild-windows-32-0.15.4.tgz",
            "integrity": "sha512-W8OLh+RoQfXKCyU5tMiRSVm68JWv1bNA90zXr8lSvaICqfjYV+YOsVWSI+HvU8gfYaePQNlhKrSIpf/t3qtFbA==",
            "optional": true
        },
        "esbuild-windows-64": {
            "version": "0.15.4",
            "resolved": "https://registry.npmjs.org/esbuild-windows-64/-/esbuild-windows-64-0.15.4.tgz",
            "integrity": "sha512-3//ZfrtStFrQzQyCU1gmdpFCa3aC9WJ2NPNu1D1faw1Op8coUdMOTzyKfy7eycPdmsALUAvla0PhgAvlvy0k5Q==",
            "optional": true
        },
        "esbuild-windows-arm64": {
            "version": "0.15.4",
            "resolved": "https://registry.npmjs.org/esbuild-windows-arm64/-/esbuild-windows-arm64-0.15.4.tgz",
            "integrity": "sha512-OOb9RI0wlweBoHB1nrB/93h6Fnz6u89OzPe8zh6sp8+yNUzB15/eUmdZwLNjCrY9kJUWZ3JnRcLXxJeqot4W+w==",
            "optional": true
        },
        "escalade": {
            "version": "3.1.1",
            "resolved": "https://registry.npmjs.org/escalade/-/escalade-3.1.1.tgz",
            "integrity": "sha512-k0er2gUkLf8O0zKJiAhmkTnJlTvINGv7ygDNPbeIsX/TJjGJZHuh9B2UxbsaEkmlEo9MfhrSzmhIlhRlI2GXnw=="
        },
        "events": {
            "version": "3.3.0",
            "resolved": "https://registry.npmjs.org/events/-/events-3.3.0.tgz",
            "integrity": "sha512-mQw+2fkQbALzQ7V0MY0IqdnXNOeTtP4r0lN9z7AAawCXgqea7bDii20AYrIBrFd/Hx0M2Ocz6S111CaFkUcb0Q=="
        },
        "freeice": {
            "version": "2.2.2",
            "resolved": "https://registry.npmjs.org/freeice/-/freeice-2.2.2.tgz",
            "integrity": "sha512-XNoIxDHufqPIBSLpp4IrFPnoc+hv/0RwdOGhIoggIDC2ZKf5r6OoixbeoFJSmZOAq2aYiEUArhuQ8zVVrM5C4w==",
            "requires": {
                "normalice": "^1.0.0"
            }
        },
        "fs.realpath": {
            "version": "1.0.0",
            "resolved": "https://registry.npmjs.org/fs.realpath/-/fs.realpath-1.0.0.tgz",
            "integrity": "sha512-OO0pH2lK6a0hZnAdau5ItzHPI6pUlvI7jMVnxUQRtw4owF2wk8lOSabtGDCTP4Ggrg2MbGnWO9X8K1t4+fGMDw=="
        },
        "get-caller-file": {
            "version": "2.0.5",
            "resolved": "https://registry.npmjs.org/get-caller-file/-/get-caller-file-2.0.5.tgz",
            "integrity": "sha512-DyFP3BM/3YHTQOCUL/w0OZHR0lpKeGrxotcHWcqNEdnltqFwXVfhEBQ94eIo34AfQpo0rGki4cyIiftY06h2Fg=="
        },
        "glob": {
            "version": "7.2.3",
            "resolved": "https://registry.npmjs.org/glob/-/glob-7.2.3.tgz",
            "integrity": "sha512-nFR0zLpU2YCaRxwoCJvL6UvCH2JFyFVIvwTLsIf21AuHlMskA1hhTdk+LlYJtOlYt9v6dvszD2BGRqBL+iQK9Q==",
            "requires": {
                "fs.realpath": "^1.0.0",
                "inflight": "^1.0.4",
                "inherits": "2",
                "minimatch": "^3.1.1",
                "once": "^1.3.0",
                "path-is-absolute": "^1.0.0"
            }
        },
        "hark": {
            "version": "1.2.3",
            "resolved": "https://registry.npmjs.org/hark/-/hark-1.2.3.tgz",
            "integrity": "sha512-u68vz9SCa38ESiFJSDjqK8XbXqWzyot7Cj6Y2b6jk2NJ+II3MY2dIrLMg/kjtIAun4Y1DHF/20hfx4rq1G5GMg==",
            "requires": {
                "wildemitter": "^1.2.0"
            }
        },
        "htm": {
            "version": "3.1.1",
            "resolved": "https://registry.npmjs.org/htm/-/htm-3.1.1.tgz",
            "integrity": "sha512-983Vyg8NwUE7JkZ6NmOqpCZ+sh1bKv2iYTlUkzlWmA5JD2acKoxd4KVxbMmxX/85mtfdnDmTFoNKcg5DGAvxNQ=="
        },
        "inflight": {
            "version": "1.0.6",
            "resolved": "https://registry.npmjs.org/inflight/-/inflight-1.0.6.tgz",
            "integrity": "sha512-k92I/b08q4wvFscXCLvqfsHCrjrF7yiXsQuIVvVE7N82W3+aqpzuUdBbfhWcy/FZR3/4IgflMgKLOsvPDrGCJA==",
            "requires": {
                "once": "^1.3.0",
                "wrappy": "1"
            }
        },
        "inherits": {
            "version": "2.0.4",
            "resolved": "https://registry.npmjs.org/inherits/-/inherits-2.0.4.tgz",
            "integrity": "sha512-k/vGaX4/Yla3WzyMCvTQOXYeIHvqOKtnqBduzTHpzpQZzAskKMhZ2K+EnBiSM9zGSoIFeMpXKxa4dYeZIQqewQ=="
        },
        "is-fullwidth-code-point": {
            "version": "3.0.0",
            "resolved": "https://registry.npmjs.org/is-fullwidth-code-point/-/is-fullwidth-code-point-3.0.0.tgz",
            "integrity": "sha512-zymm5+u+sCsSWyD9qNaejV3DFvhCKclKdizYaJUuHA83RLjb7nSuGnddCHGv0hk+KY7BMAlsWeK4Ueg6EV6XQg=="
        },
        "isarray": {
            "version": "0.0.1",
            "resolved": "https://registry.npmjs.org/isarray/-/isarray-0.0.1.tgz",
            "integrity": "sha512-D2S+3GLxWH+uhrNEcoh/fnmYeP8E8/zHl644d/jdA0g2uyXvy3sb0qxotE+ne0LtccHknQzWwZEzhak7oJ0COQ=="
        },
        "kurento-browser-extensions": {
            "version": "0.0.2",
            "resolved": "https://registry.npmjs.org/kurento-browser-extensions/-/kurento-browser-extensions-0.0.2.tgz",
            "integrity": "sha512-E1EkdrFj954UeTdfnNUWwrwolC6aeyCen/ws+5tAvPTIZSUyqXVvcp3Cwg7jQxiZioR4VFdZ1PXuv8A9q2GgVw==",
            "optional": true
        },
        "kurento-utils": {
            "version": "6.16.0",
            "resolved": "https://registry.npmjs.org/kurento-utils/-/kurento-utils-6.16.0.tgz",
            "integrity": "sha512-hyMC6bYOTiWESIEeulU55QC3bcdedFl1lf3bsFYePA4bUXKFhGa20LdWMsWngEWI/45Z78PGzfKcr9z0Cy0Sdg==",
            "requires": {
                "freeice": "^2.1.2",
                "hark": "^1.0.0",
                "inherits": "^2.0.0",
                "kurento-browser-extensions": "*",
                "merge": "^1.2.0",
                "sdp-translator": "^0.1.15",
                "ua-parser-js": "^0.7.7",
                "uuid": "^3.0.0"
            }
        },
        "linkifyjs": {
            "version": "3.0.5",
            "resolved": "https://registry.npmjs.org/linkifyjs/-/linkifyjs-3.0.5.tgz",
            "integrity": "sha512-1Y9XQH65eQKA9p2xtk+zxvnTeQBG7rdAXSkUG97DmuI/Xhji9uaUzaWxRj6rf9YC0v8KKHkxav7tnLX82Sz5Fg=="
        },
        "merge": {
            "version": "1.2.1",
            "resolved": "https://registry.npmjs.org/merge/-/merge-1.2.1.tgz",
            "integrity": "sha512-VjFo4P5Whtj4vsLzsYBu5ayHhoHJ0UqNm7ibvShmbmoz7tGi0vXaoJbGdB+GmDMLUdg8DpQXEIeVDAe8MaABvQ=="
        },
        "minimatch": {
            "version": "3.1.2",
            "resolved": "https://registry.npmjs.org/minimatch/-/minimatch-3.1.2.tgz",
            "integrity": "sha512-J7p63hRiAjw1NDEww1W7i37+ByIrOWO5XQQAzZ3VOcL0PNybwpfmV/N05zFAzwQ9USyEcX6t3UO+K5aqBQOIHw==",
            "requires": {
                "brace-expansion": "^1.1.7"
            }
        },
        "mkdirp": {
            "version": "1.0.4",
            "resolved": "https://registry.npmjs.org/mkdirp/-/mkdirp-1.0.4.tgz",
            "integrity": "sha512-vVqVZQyf3WLx2Shd0qJ9xuvqgAyKPLAiqITEtqW0oIUjzo3PePDd6fW9iFz30ef7Ysp/oiWqbhszeGWW2T6Gzw=="
        },
        "moment": {
            "version": "2.29.4",
            "resolved": "https://registry.npmjs.org/moment/-/moment-2.29.4.tgz",
            "integrity": "sha512-5LC9SOxjSc2HF6vO2CyuTDNivEdoz2IvyJJGj6X8DJ0eFyfszE0QiEd+iXmBvUP3WHxSjFH/vIsA0EN00cgr8w=="
        },
        "noms": {
            "version": "0.0.0",
            "resolved": "https://registry.npmjs.org/noms/-/noms-0.0.0.tgz",
            "integrity": "sha512-lNDU9VJaOPxUmXcLb+HQFeUgQQPtMI24Gt6hgfuMHRJgMRHMF/qZ4HJD3GDru4sSw9IQl2jPjAYnQrdIeLbwow==",
            "requires": {
                "inherits": "^2.0.1",
                "readable-stream": "~1.0.31"
            }
        },
        "normalice": {
            "version": "1.0.1",
            "resolved": "https://registry.npmjs.org/normalice/-/normalice-1.0.1.tgz",
            "integrity": "sha512-wF2/tv9q/K8S+RqCgll5yC6z/zcXNr+rEHfGIw8A6D58vjfJo+kp749MI6cAHv72LE7nwv92Qi6tZhIeMOOJpg=="
        },
        "once": {
            "version": "1.4.0",
            "resolved": "https://registry.npmjs.org/once/-/once-1.4.0.tgz",
            "integrity": "sha512-lNaJgI+2Q5URQBkccEKHTQOPaXdUxnZZElQTZY0MFUAuaEqe1E+Nyvgdz/aIyNi6Z9MzO5dv1H8n58/GELp3+w==",
            "requires": {
                "wrappy": "1"
            }
        },
        "path-is-absolute": {
            "version": "1.0.1",
            "resolved": "https://registry.npmjs.org/path-is-absolute/-/path-is-absolute-1.0.1.tgz",
            "integrity": "sha512-AVbw3UJ2e9bq64vSaS9Am0fje1Pa8pbGqTTsmXfaIiMpnr5DlDhfJOuLj9Sf95ZPVDAUerDfEk88MPmPe7UCQg=="
        },
        "preact": {
            "version": "10.10.3",
            "resolved": "https://registry.npmjs.org/preact/-/preact-10.10.3.tgz",
            "integrity": "sha512-Gwwh0o531izatQQZu0yEX4mtfxVYsZJ4TT/o2VK3UZ/UuAWAWFnzsEfpZvad32vY3TKoRnSY2WqiDz2rH/viWQ=="
        },
        "preact-router": {
            "version": "4.1.0",
            "resolved": "https://registry.npmjs.org/preact-router/-/preact-router-4.1.0.tgz",
            "integrity": "sha512-y1w2YvVpKAju9FMV+fAVR1NpH4MW5q07BZrziMZeg6F/rGJ9KvLUZtjOqsy2I8fDYiX36AM1AQTXIIK3jigBhA=="
        },
        "process-nextick-args": {
            "version": "2.0.1",
            "resolved": "https://registry.npmjs.org/process-nextick-args/-/process-nextick-args-2.0.1.tgz",
            "integrity": "sha512-3ouUOpQhtgrbOa17J7+uxOTpITYWaGP7/AhoR3+A+/1e9skrzelGi/dXzEYyvbxubEF6Wn2ypscTKiKJFFn1ag=="
        },
        "readable-stream": {
            "version": "1.0.34",
            "resolved": "https://registry.npmjs.org/readable-stream/-/readable-stream-1.0.34.tgz",
            "integrity": "sha512-ok1qVCJuRkNmvebYikljxJA/UEsKwLl2nI1OmaqAu4/UE+h0wKCHok4XkL/gvi39OacXvw59RJUOFUkDib2rHg==",
            "requires": {
                "core-util-is": "~1.0.0",
                "inherits": "~2.0.1",
                "isarray": "0.0.1",
                "string_decoder": "~0.10.x"
            }
        },
        "require-directory": {
            "version": "2.1.1",
            "resolved": "https://registry.npmjs.org/require-directory/-/require-directory-2.1.1.tgz",
            "integrity": "sha512-fGxEI7+wsG9xrvdjsrlmL22OMTTiHRwAMroiEeMgq8gzoLC/PQr7RsRDSTLUg/bZAZtF+TVIkHc6/4RIKrui+Q=="
        },
        "safe-buffer": {
            "version": "5.1.2",
            "resolved": "https://registry.npmjs.org/safe-buffer/-/safe-buffer-5.1.2.tgz",
            "integrity": "sha512-Gd2UZBJDkXlY7GbJxfsE8/nvKkUEU1G38c1siN6QP6a9PT9MmHB8GnpscSmMJSoF8LOIrt8ud/wPtojys4G6+g=="
        },
        "sdp-transform": {
            "version": "1.5.3",
            "resolved": "https://registry.npmjs.org/sdp-transform/-/sdp-transform-1.5.3.tgz",
            "integrity": "sha512-WDWxxUgTR0QD8rAEnJpDoJMOigJU35oeXzleMdfbVhzrcOpwOwU6j2SDCNc2yOYAcvSDXYODtNU0DM1sOmkpHQ=="
        },
        "sdp-translator": {
            "version": "0.1.24",
            "resolved": "https://registry.npmjs.org/sdp-translator/-/sdp-translator-0.1.24.tgz",
            "integrity": "sha512-BZAamdLOtBw+DXwF/0vbimZl7oMtjVuyO6As4jO5HIBp2pLHfsRDSm4SXK5tFEMEs8Ugjq2V8Ny6SkMtOmdWig==",
            "requires": {
                "sdp-transform": "1.5.*"
            }
        },
        "string-width": {
            "version": "4.2.3",
            "resolved": "https://registry.npmjs.org/string-width/-/string-width-4.2.3.tgz",
            "integrity": "sha512-wKyQRQpjJ0sIp62ErSZdGsjMJWsap5oRNihHhu6G7JVO/9jIB6UyevL+tXuOqrng8j/cxKTWyWUwvSTriiZz/g==",
            "requires": {
                "emoji-regex": "^8.0.0",
                "is-fullwidth-code-point": "^3.0.0",
                "strip-ansi": "^6.0.1"
            }
        },
        "string_decoder": {
            "version": "0.10.31",
            "resolved": "https://registry.npmjs.org/string_decoder/-/string_decoder-0.10.31.tgz",
            "integrity": "sha512-ev2QzSzWPYmy9GuqfIVildA4OdcGLeFZQrq5ys6RtiuF+RQQiZWr8TZNyAcuVXyQRYfEO+MsoB/1BuQVhOJuoQ=="
        },
        "strip-ansi": {
            "version": "6.0.1",
            "resolved": "https://registry.npmjs.org/strip-ansi/-/strip-ansi-6.0.1.tgz",
            "integrity": "sha512-Y38VPSHcqkFrCpFnQ9vuSXmquuv5oXOKpGeT6aGrr3o3Gc9AlVa6JBfUSOCnbxGGZF+/0ooI7KrPuUSztUdU5A==",
            "requires": {
                "ansi-regex": "^5.0.1"
            }
        },
        "through2": {
            "version": "2.0.5",
            "resolved": "https://registry.npmjs.org/through2/-/through2-2.0.5.tgz",
            "integrity": "sha512-/mrRod8xqpA+IHSLyGCQ2s8SPHiCDEeQJSep1jqLYeEUClOFG2Qsh+4FU6G9VeqpZnGW/Su8LQGc4YKni5rYSQ==",
            "requires": {
                "readable-stream": "~2.3.6",
                "xtend": "~4.0.1"
            },
            "dependencies": {
                "isarray": {
                    "version": "1.0.0",
                    "resolved": "https://registry.npmjs.org/isarray/-/isarray-1.0.0.tgz",
                    "integrity": "sha512-VLghIWNM6ELQzo7zwmcg0NmTVyWKYjvIeM83yjp0wRDTmUnrM678fQbcKBo6n2CJEF0szoG//ytg+TKla89ALQ=="
                },
                "readable-stream": {
                    "version": "2.3.7",
                    "resolved": "https://registry.npmjs.org/readable-stream/-/readable-stream-2.3.7.tgz",
                    "integrity": "sha512-Ebho8K4jIbHAxnuxi7o42OrZgF/ZTNcsZj6nRKyUmkhLFq8CHItp/fy6hQZuZmP/n3yZ9VBUbp4zz/mX8hmYPw==",
                    "requires": {
                        "core-util-is": "~1.0.0",
                        "inherits": "~2.0.3",
                        "isarray": "~1.0.0",
                        "process-nextick-args": "~2.0.0",
                        "safe-buffer": "~5.1.1",
                        "string_decoder": "~1.1.1",
                        "util-deprecate": "~1.0.1"
                    }
                },
                "string_decoder": {
                    "version": "1.1.1",
                    "resolved": "https://registry.npmjs.org/string_decoder/-/string_decoder-1.1.1.tgz",
                    "integrity": "sha512-n/ShnvDi6FHbbVfviro+WojiFzv+s8MPMHBczVePfUpDJLwoLT0ht1l4YwBCbi8pJAveEEdnkHyPyTP/mzRfwg==",
                    "requires": {
                        "safe-buffer": "~5.1.0"
                    }
                }
            }
        },
        "ua-parser-js": {
            "version": "0.7.31",
            "resolved": "https://registry.npmjs.org/ua-parser-js/-/ua-parser-js-0.7.31.tgz",
            "integrity": "sha512-qLK/Xe9E2uzmYI3qLeOmI0tEOt+TBBQyUIAh4aAgU05FVYzeZrKUdkAZfBNVGRaHVgV0TDkdEngJSw/SyQchkQ=="
        },
        "untildify": {
            "version": "4.0.0",
            "resolved": "https://registry.npmjs.org/untildify/-/untildify-4.0.0.tgz",
            "integrity": "sha512-KK8xQ1mkzZeg9inewmFVDNkg3l5LUhoq9kN6iWYB/CC9YMG8HA+c1Q8HwDe6dEX7kErrEVNVBO3fWsVq5iDgtw=="
        },
        "util-deprecate": {
            "version": "1.0.2",
            "resolved": "https://registry.npmjs.org/util-deprecate/-/util-deprecate-1.0.2.tgz",
            "integrity": "sha512-EPD5q1uXyFxJpCrLnCc1nHnq3gOa6DZBocAIiI2TaSCA7VCJ1UJDMagCzIkXNsUYfD1daK//LTEQ8xiIbrHtcw=="
        },
        "uuid": {
            "version": "3.4.0",
            "resolved": "https://registry.npmjs.org/uuid/-/uuid-3.4.0.tgz",
            "integrity": "sha512-HjSDRw6gZE5JMggctHBcjVak08+KEVhSIiDzFnT9S9aegmp85S/bReBVTb4QTFaRNptJ9kuYaNhnbNEOkbKb/A=="
        },
        "wildemitter": {
            "version": "1.2.1",
            "resolved": "https://registry.npmjs.org/wildemitter/-/wildemitter-1.2.1.tgz",
            "integrity": "sha512-UMmSUoIQSir+XbBpTxOTS53uJ8s/lVhADCkEbhfRjUGFDPme/XGOb0sBWLx5sTz7Wx/2+TlAw1eK9O5lw5PiEw=="
        },
        "wrap-ansi": {
            "version": "7.0.0",
            "resolved": "https://registry.npmjs.org/wrap-ansi/-/wrap-ansi-7.0.0.tgz",
            "integrity": "sha512-YVGIj2kamLSTxw6NsZjoBxfSwsn0ycdesmc4p+Q21c5zPuZ1pl+NfxVdxPtdHvmNVOQ6XSYG4AUtyt/Fi7D16Q==",
            "requires": {
                "ansi-styles": "^4.0.0",
                "string-width": "^4.1.0",
                "strip-ansi": "^6.0.0"
            }
        },
        "wrappy": {
            "version": "1.0.2",
            "resolved": "https://registry.npmjs.org/wrappy/-/wrappy-1.0.2.tgz",
            "integrity": "sha512-l4Sp/DRseor9wL6EvV2+TuQn63dMkPjZ/sp9XkghTEbV9KlPS1xUsZ3u7/IQO4wxtcFB4bgpQPRcR3QCvezPcQ=="
        },
        "xtend": {
            "version": "4.0.2",
            "resolved": "https://registry.npmjs.org/xtend/-/xtend-4.0.2.tgz",
            "integrity": "sha512-LKYU1iAXJXUgAXn9URjiu+MWhyUXHsvfp7mcuYm9dSUKK0/CjtrUwFAxD82/mCWbtLsGjFIad0wIsod4zrTAEQ=="
        },
        "y18n": {
            "version": "5.0.8",
            "resolved": "https://registry.npmjs.org/y18n/-/y18n-5.0.8.tgz",
            "integrity": "sha512-0pfFzegeDWJHJIAmTLRP2DwHjdF5s7jo9tuztdQxAhINCdvS+3nGINqPd00AphqJR/0LhANUS6/+7SCb98YOfA=="
        },
        "yargs": {
            "version": "16.2.0",
            "resolved": "https://registry.npmjs.org/yargs/-/yargs-16.2.0.tgz",
            "integrity": "sha512-D1mvvtDG0L5ft/jGWkLpG1+m0eQxOfaBvTNELraWj22wSVUMWxZUvYgJYcKh6jGGIkJFhH4IZPQhR4TKpc8mBw==",
            "requires": {
                "cliui": "^7.0.2",
                "escalade": "^3.1.1",
                "get-caller-file": "^2.0.5",
                "require-directory": "^2.1.1",
                "string-width": "^4.2.0",
                "y18n": "^5.0.5",
                "yargs-parser": "^20.2.2"
            }
        },
        "yargs-parser": {
            "version": "20.2.9",
            "resolved": "https://registry.npmjs.org/yargs-parser/-/yargs-parser-20.2.9.tgz",
            "integrity": "sha512-y11nGElTIV+CT3Zv9t7VKl+Q3hTQoT9a1Qzezhhl6Rp21gJ/IVTW7Z3y9EWXhuUBC2Shnf+DX0antecpAwSP8w=="
        }
    }
}
